<?xml version="1.0" encoding="utf-8"?>
<Project ToolsVersion="4.0" xmlns="http://schemas.microsoft.com/developer/msbuild/2003">
  <ItemGroup>
    <Filter Include="소스 파일">
      <UniqueIdentifier>{4FC737F1-C7A5-4376-A066-2A32D752A2FF}</UniqueIdentifier>
      <Extensions>cpp;c;cc;cxx;c++;def;odl;idl;hpj;bat;asm;asmx</Extensions>
    </Filter>
    <Filter Include="헤더 파일">
      <UniqueIdentifier>{93995380-89BD-4b04-88EB-625FBE52EBFB}</UniqueIdentifier>
      <Extensions>h;hh;hpp;hxx;h++;hm;inl;inc;ipp;xsd</Extensions>
    </Filter>
    <Filter Include="리소스 파일">
      <UniqueIdentifier>{67DA6AB6-F800-4c08-8B7A-83BB121AAD01}</UniqueIdentifier>
      <Extensions>rc;ico;cur;bmp;dlg;rc2;rct;bin;rgs;gif;jpg;jpeg;jpe;resx;tiff;tif;png;wav;mfcribbon-ms</Extensions>
    </Filter>
    <Filter Include="MainGame">
      <UniqueIdentifier>{c41c9b98-a31b-4d9e-82a2-bfabc2c89dda}</UniqueIdentifier>
    </Filter>
    <Filter Include="FrameWork">
      <UniqueIdentifier>{125a9a4b-d6cf-4037-9e54-0fb4519c206d}</UniqueIdentifier>
    </Filter>
    <Filter Include="FrameWork\Random">
      <UniqueIdentifier>{219329fd-0bdf-4ce2-b382-6095da14c0ed}</UniqueIdentifier>
    </Filter>
    <Filter Include="FrameWork\Input">
      <UniqueIdentifier>{75cd5072-d518-4bc6-841c-5675d8848ae3}</UniqueIdentifier>
    </Filter>
    <Filter Include="FrameWork\Image">
      <UniqueIdentifier>{4ad6b531-7d7b-4111-be06-f2bad4da87c4}</UniqueIdentifier>
    </Filter>
    <Filter Include="FrameWork\Figure">
      <UniqueIdentifier>{c81da49d-f8e8-47d3-831a-e79e4d881ce0}</UniqueIdentifier>
    </Filter>
    <Filter Include="FrameWork\Math">
      <UniqueIdentifier>{fd572bdf-356e-468e-a803-eca354b8868c}</UniqueIdentifier>
    </Filter>
    <Filter Include="FrameWork\ImageManager">
      <UniqueIdentifier>{595cc926-f5ed-4cbd-ae5b-5afef7a3c034}</UniqueIdentifier>
    </Filter>
    <Filter Include="FrameWork\GameObject">
      <UniqueIdentifier>{a19f892f-52cd-4850-9a33-9c2165a1e4d6}</UniqueIdentifier>
    </Filter>
    <Filter Include="FrameWork\Camera">
      <UniqueIdentifier>{d52a9290-4164-4636-89a3-4c2bffdd3c23}</UniqueIdentifier>
    </Filter>
    <Filter Include="FrameWork\Time">
      <UniqueIdentifier>{c320e730-2234-46c8-bdc1-828700d121ea}</UniqueIdentifier>
    </Filter>
    <Filter Include="FrameWork\ObjectManager">
      <UniqueIdentifier>{6215046f-ec51-44bf-97c0-c412b278199e}</UniqueIdentifier>
    </Filter>
    <Filter Include="FrameWork\Scene">
      <UniqueIdentifier>{1c4af559-3b64-424a-b909-e41be6ac5c3f}</UniqueIdentifier>
    </Filter>
    <Filter Include="MainGame\Scene">
      <UniqueIdentifier>{aa9c857f-4c08-41fa-988a-b6dd3143474c}</UniqueIdentifier>
    </Filter>
    <Filter Include="FrameWork\Animation">
      <UniqueIdentifier>{4e941a03-cb9b-4e38-ab9a-e5525b61b9ae}</UniqueIdentifier>
    </Filter>
    <Filter Include="MainGame\Object">
      <UniqueIdentifier>{dd6cd637-c9b4-4dd0-bb6e-5f1aef095a25}</UniqueIdentifier>
    </Filter>
    <Filter Include="FrameWork\GameEvent">
      <UniqueIdentifier>{d1911068-58c6-4da3-9516-415c40175f80}</UniqueIdentifier>
    </Filter>
    <Filter Include="MainGame\Object\Director">
      <UniqueIdentifier>{e99a3a26-a803-40e6-a691-514142a7623d}</UniqueIdentifier>
    </Filter>
    <Filter Include="MainGame\Object\Staff">
      <UniqueIdentifier>{eaa613d4-9661-4318-933c-cb068e26801b}</UniqueIdentifier>
    </Filter>
    <Filter Include="MainGame\Object\Champ">
      <UniqueIdentifier>{1a5ae714-143c-4dce-92fb-124a4e409824}</UniqueIdentifier>
    </Filter>
    <Filter Include="MainGame\Object\UI">
      <UniqueIdentifier>{1b929981-3384-46e3-842b-d7c05b741f65}</UniqueIdentifier>
    </Filter>
    <Filter Include="MainGame\Object\Background">
      <UniqueIdentifier>{4bdb83e6-c055-4dcd-a5a0-346cc9d3e584}</UniqueIdentifier>
    </Filter>
    <Filter Include="MainGame\Scene\Home">
      <UniqueIdentifier>{4100774f-d6e8-4a9a-9305-e248ba5a747c}</UniqueIdentifier>
    </Filter>
    <Filter Include="MainGame\Scene\Title">
      <UniqueIdentifier>{d91a4a7b-f209-4441-ad31-c623c3e0345e}</UniqueIdentifier>
    </Filter>
    <Filter Include="FrameWork\SoundPlayer">
      <UniqueIdentifier>{7f521796-4aad-41fc-8407-b89913d2b466}</UniqueIdentifier>
    </Filter>
    <Filter Include="FrameWork\Storage">
      <UniqueIdentifier>{ce709905-d4a9-4e5f-b851-eec05d37dbe3}</UniqueIdentifier>
    </Filter>
    <Filter Include="MainGame\Object\UI\OnPatch">
      <UniqueIdentifier>{c2018a95-a773-45ae-b7ce-56038cb8e1ff}</UniqueIdentifier>
    </Filter>
    <Filter Include="MainGame\Object\UI\TitleUI">
      <UniqueIdentifier>{69d932ff-4da9-4231-beee-b3fec23b3984}</UniqueIdentifier>
    </Filter>
    <Filter Include="MainGame\Object\UI\homeUI">
      <UniqueIdentifier>{2ca6ac4d-3d37-41f7-aa11-98b691ca0ef4}</UniqueIdentifier>
    </Filter>
    <Filter Include="MainGame\Object\UI\homeUI\GameToggle">
      <UniqueIdentifier>{e318b164-400c-4239-8ca2-c30357a0d575}</UniqueIdentifier>
    </Filter>
    <Filter Include="MainGame\Object\UI\homeUI\GameToggle\ChampInfo">
      <UniqueIdentifier>{5cc7b14c-bd12-4178-8b96-4b7022638209}</UniqueIdentifier>
    </Filter>
    <Filter Include="MainGame\Object\UI\homeUI\HomeToBattle">
      <UniqueIdentifier>{ba31257d-5f87-4efa-bb56-321bb50f4df0}</UniqueIdentifier>
    </Filter>
    <Filter Include="MainGame\Object\UI\homeUI\SystemToggle">
      <UniqueIdentifier>{a807e896-025a-49da-94c8-edccbd8d47d3}</UniqueIdentifier>
    </Filter>
    <Filter Include="MainGame\Object\UI\PickBattelUI">
      <UniqueIdentifier>{1076f13c-20e7-4d40-9fab-cca48c899749}</UniqueIdentifier>
    </Filter>
    <Filter Include="MainGame\Scene\PickBattle">
      <UniqueIdentifier>{0bc5f813-fbdc-46fc-9dfa-c2dbf74b9d17}</UniqueIdentifier>
    </Filter>
    <Filter Include="MainGame\Object\UI\homeUI\TeamToggle">
      <UniqueIdentifier>{d7835167-2315-4de9-9b81-00dcb903ffa7}</UniqueIdentifier>
    </Filter>
    <Filter Include="MainGame\Object\UI\homeUI\TeamToggle\Training">
      <UniqueIdentifier>{1db1fd46-d15f-442c-97b2-d191f009551e}</UniqueIdentifier>
    </Filter>
    <Filter Include="MainGame\Object\UI\PickBattelUI\Level1_StaffSelect">
      <UniqueIdentifier>{0fc7c1c9-b069-476a-a562-c61b7d299465}</UniqueIdentifier>
    </Filter>
    <Filter Include="MainGame\Object\Champ\Hiller">
      <UniqueIdentifier>{47653837-fe51-40e9-935e-912d5d280ad9}</UniqueIdentifier>
    </Filter>
    <Filter Include="MainGame\Object\Champ\Assassin">
      <UniqueIdentifier>{11185ea8-b4b3-4d01-9ab0-8a666bdfca54}</UniqueIdentifier>
    </Filter>
    <Filter Include="MainGame\Object\Champ\Tanker">
      <UniqueIdentifier>{d1dbd6a6-d1d6-4c3e-997b-6a515fd1c18b}</UniqueIdentifier>
    </Filter>
    <Filter Include="MainGame\Object\Champ\Magician">
      <UniqueIdentifier>{36011a3a-79d5-4821-8c87-1117d43e59da}</UniqueIdentifier>
    </Filter>
    <Filter Include="MainGame\Object\Champ\LongDiller">
      <UniqueIdentifier>{936a2695-1c5b-4eb3-9df6-1315de095ffd}</UniqueIdentifier>
    </Filter>
    <Filter Include="MainGame\Object\UI\PickBattelUI\Level2_BanPick">
      <UniqueIdentifier>{de64d368-f6b1-4a55-924b-9113fd8f056e}</UniqueIdentifier>
    </Filter>
    <Filter Include="MainGame\Object\UI\PickBattelUI\Level3_Battle">
      <UniqueIdentifier>{dd012679-957e-4965-972d-ef00c223e5c5}</UniqueIdentifier>
    </Filter>
    <Filter Include="MainGame\Object\UI\PickBattelUI\Level4_Peedback">
      <UniqueIdentifier>{633b4c35-60f7-4a81-ab65-f7c539adb192}</UniqueIdentifier>
    </Filter>
    <Filter Include="MainGame\Object\UI\homeUI\TeamToggle\StaffList">
      <UniqueIdentifier>{58517937-058c-4e90-9e97-a9abb0695da4}</UniqueIdentifier>
    </Filter>
    <Filter Include="MainGame\Object\UI\homeUI\LeagueToggle">
      <UniqueIdentifier>{1c5eb8dd-37a3-4d04-9f61-025444ced0a1}</UniqueIdentifier>
    </Filter>
    <Filter Include="MainGame\Object\UI\homeUI\LeagueToggle\Ranking">
      <UniqueIdentifier>{c2ff32f3-1e3a-4582-9bbb-279e075e33b6}</UniqueIdentifier>
    </Filter>
  </ItemGroup>
  <ItemGroup>
    <ClInclude Include="framework.h">
      <Filter>헤더 파일</Filter>
    </ClInclude>
    <ClInclude Include="targetver.h">
      <Filter>헤더 파일</Filter>
    </ClInclude>
    <ClInclude Include="Resource.h">
      <Filter>헤더 파일</Filter>
    </ClInclude>
    <ClInclude Include="01_WinMain.h">
      <Filter>헤더 파일</Filter>
    </ClInclude>
    <ClInclude Include="pch.h">
      <Filter>헤더 파일</Filter>
    </ClInclude>
    <ClInclude Include="MainGame.h">
      <Filter>MainGame</Filter>
    </ClInclude>
    <ClInclude Include="Random.h">
      <Filter>FrameWork\Random</Filter>
    </ClInclude>
    <ClInclude Include="Input.h">
      <Filter>FrameWork\Input</Filter>
    </ClInclude>
    <ClInclude Include="Image.h">
      <Filter>FrameWork\Image</Filter>
    </ClInclude>
    <ClInclude Include="Figure.h">
      <Filter>FrameWork\Figure</Filter>
    </ClInclude>
    <ClInclude Include="Math.h">
      <Filter>FrameWork\Math</Filter>
    </ClInclude>
    <ClInclude Include="DefineHeader.h">
      <Filter>헤더 파일</Filter>
    </ClInclude>
    <ClInclude Include="ImageManager.h">
      <Filter>FrameWork\ImageManager</Filter>
    </ClInclude>
    <ClInclude Include="GameObject.h">
      <Filter>FrameWork\GameObject</Filter>
    </ClInclude>
    <ClInclude Include="Camera.h">
      <Filter>FrameWork\Camera</Filter>
    </ClInclude>
    <ClInclude Include="CameraManager.h">
      <Filter>FrameWork\Camera</Filter>
    </ClInclude>
    <ClInclude Include="Time.h">
      <Filter>FrameWork\Time</Filter>
    </ClInclude>
    <ClInclude Include="ObjectManager.h">
      <Filter>FrameWork\ObjectManager</Filter>
    </ClInclude>
    <ClInclude Include="Scene.h">
      <Filter>FrameWork\Scene</Filter>
    </ClInclude>
    <ClInclude Include="SceneManager.h">
      <Filter>FrameWork\Scene</Filter>
    </ClInclude>
    <ClInclude Include="LoadingScene.h">
      <Filter>FrameWork\Scene</Filter>
    </ClInclude>
    <ClInclude Include="Animation.h">
      <Filter>FrameWork\Animation</Filter>
    </ClInclude>
    <ClInclude Include="GameEvent.h">
      <Filter>FrameWork\GameEvent</Filter>
    </ClInclude>
    <ClInclude Include="GameEventManager.h">
      <Filter>FrameWork\GameEvent</Filter>
    </ClInclude>
    <ClInclude Include="Background.h">
      <Filter>MainGame\Object\Background</Filter>
    </ClInclude>
    <ClInclude Include="Director.h">
      <Filter>MainGame\Object\Director</Filter>
    </ClInclude>
    <ClInclude Include="UI.h">
      <Filter>MainGame\Object\UI</Filter>
    </ClInclude>
    <ClInclude Include="Staff.h">
      <Filter>MainGame\Object\Staff</Filter>
    </ClInclude>
    <ClInclude Include="Champ.h">
      <Filter>MainGame\Object\Champ</Filter>
    </ClInclude>
    <ClInclude Include="Title.h">
      <Filter>MainGame\Scene\Title</Filter>
    </ClInclude>
    <ClInclude Include="Home.h">
      <Filter>MainGame\Scene\Home</Filter>
    </ClInclude>
    <ClInclude Include="SoundPlayer.h">
      <Filter>FrameWork\SoundPlayer</Filter>
    </ClInclude>
    <ClInclude Include="OperationToggle.h">
      <Filter>MainGame\Object\UI\homeUI</Filter>
    </ClInclude>
    <ClInclude Include="ChampInfo.h">
      <Filter>MainGame\Object\UI\homeUI\GameToggle\ChampInfo</Filter>
    </ClInclude>
    <ClInclude Include="GameToggle.h">
      <Filter>MainGame\Object\UI\homeUI\GameToggle</Filter>
    </ClInclude>
    <ClInclude Include="HomeToBattle.h">
      <Filter>MainGame\Object\UI\homeUI\HomeToBattle</Filter>
    </ClInclude>
    <ClInclude Include="SystemToggle.h">
      <Filter>MainGame\Object\UI\homeUI\SystemToggle</Filter>
    </ClInclude>
    <ClInclude Include="Storage.h">
      <Filter>FrameWork\Storage</Filter>
    </ClInclude>
    <ClInclude Include="OnPatch.h">
      <Filter>MainGame\Object\UI\OnPatch</Filter>
    </ClInclude>
    <ClInclude Include="Creators.h">
      <Filter>MainGame\Object\UI\TitleUI</Filter>
    </ClInclude>
    <ClInclude Include="PickBattle.h">
      <Filter>MainGame\Scene\PickBattle</Filter>
    </ClInclude>
    <ClInclude Include="TeamToggle.h">
      <Filter>MainGame\Object\UI\homeUI\TeamToggle</Filter>
    </ClInclude>
    <ClInclude Include="Training.h">
      <Filter>MainGame\Object\UI\homeUI\TeamToggle\Training</Filter>
    </ClInclude>
    <ClInclude Include="StaffSelect.h">
      <Filter>MainGame\Object\UI\PickBattelUI\Level1_StaffSelect</Filter>
    </ClInclude>
    <ClInclude Include="StarPixie.h">
      <Filter>MainGame\Object\Champ\Magician</Filter>
    </ClInclude>
    <ClInclude Include="Yeti.h">
      <Filter>MainGame\Object\Champ\Tanker</Filter>
    </ClInclude>
    <ClInclude Include="HelmetPepe.h">
      <Filter>MainGame\Object\Champ\Tanker</Filter>
    </ClInclude>
    <ClInclude Include="ZombieMonkey.h">
      <Filter>MainGame\Object\Champ\Hiller</Filter>
    </ClInclude>
    <ClInclude Include="BabyMonkey.h">
      <Filter>MainGame\Object\Champ\Hiller</Filter>
    </ClInclude>
    <ClInclude Include="Cornian.h">
      <Filter>MainGame\Object\Champ\Assassin</Filter>
    </ClInclude>
    <ClInclude Include="MistKnight.h">
      <Filter>MainGame\Object\Champ\Assassin</Filter>
    </ClInclude>
    <ClInclude Include="BubbleTea.h">
      <Filter>MainGame\Object\Champ\LongDiller</Filter>
    </ClInclude>
    <ClInclude Include="Tank.h">
      <Filter>MainGame\Object\Champ\LongDiller</Filter>
    </ClInclude>
    <ClInclude Include="BanPick.h">
      <Filter>MainGame\Object\UI\PickBattelUI\Level2_BanPick</Filter>
    </ClInclude>
    <ClInclude Include="Battle.h">
      <Filter>MainGame\Object\UI\PickBattelUI\Level3_Battle</Filter>
    </ClInclude>
    <ClInclude Include="Peedback.h">
      <Filter>MainGame\Object\UI\PickBattelUI\Level4_Peedback</Filter>
    </ClInclude>
    <ClInclude Include="ChampCheck.h">
      <Filter>MainGame\Object\UI\PickBattelUI\Level2_BanPick</Filter>
    </ClInclude>
    <ClInclude Include="Child.h">
      <Filter>MainGame\Object\UI\PickBattelUI</Filter>
    </ClInclude>
    <ClInclude Include="StaffList.h">
      <Filter>MainGame\Object\UI\homeUI\TeamToggle\StaffList</Filter>
    </ClInclude>
    <ClInclude Include="LeagueToggle.h">
      <Filter>MainGame\Object\UI\homeUI\LeagueToggle</Filter>
    </ClInclude>
    <ClInclude Include="Ranking.h">
      <Filter>MainGame\Object\UI\homeUI\LeagueToggle\Ranking</Filter>
    </ClInclude>
  </ItemGroup>
  <ItemGroup>
    <ClCompile Include="01_WinMain.cpp">
      <Filter>소스 파일</Filter>
    </ClCompile>
    <ClCompile Include="MainGame.cpp">
      <Filter>MainGame</Filter>
    </ClCompile>
    <ClCompile Include="MainGame + MainProc.cpp">
      <Filter>MainGame</Filter>
    </ClCompile>
    <ClCompile Include="Random.cpp">
      <Filter>FrameWork\Random</Filter>
    </ClCompile>
    <ClCompile Include="Input.cpp">
      <Filter>FrameWork\Input</Filter>
    </ClCompile>
    <ClCompile Include="Image.cpp">
      <Filter>FrameWork\Image</Filter>
    </ClCompile>
    <ClCompile Include="Math.cpp">
      <Filter>FrameWork\Math</Filter>
    </ClCompile>
    <ClCompile Include="ImageManager.cpp">
      <Filter>FrameWork\ImageManager</Filter>
    </ClCompile>
    <ClCompile Include="GameObject.cpp">
      <Filter>FrameWork\GameObject</Filter>
    </ClCompile>
    <ClCompile Include="Camera.cpp">
      <Filter>FrameWork\Camera</Filter>
    </ClCompile>
    <ClCompile Include="CameraManager.cpp">
      <Filter>FrameWork\Camera</Filter>
    </ClCompile>
    <ClCompile Include="Time.cpp">
      <Filter>FrameWork\Time</Filter>
    </ClCompile>
    <ClCompile Include="ObjectManager.cpp">
      <Filter>FrameWork\ObjectManager</Filter>
    </ClCompile>
    <ClCompile Include="Scene.cpp">
      <Filter>FrameWork\Scene</Filter>
    </ClCompile>
    <ClCompile Include="pch.cpp">
      <Filter>소스 파일</Filter>
    </ClCompile>
    <ClCompile Include="SceneManager.cpp">
      <Filter>FrameWork\Scene</Filter>
    </ClCompile>
    <ClCompile Include="LoadingScene.cpp">
      <Filter>FrameWork\Scene</Filter>
    </ClCompile>
    <ClCompile Include="Animation.cpp">
      <Filter>FrameWork\Animation</Filter>
    </ClCompile>
    <ClCompile Include="GameEvent.cpp">
      <Filter>FrameWork\GameEvent</Filter>
    </ClCompile>
    <ClCompile Include="GameEventManager.cpp">
      <Filter>FrameWork\GameEvent</Filter>
    </ClCompile>
    <ClCompile Include="Background.cpp">
      <Filter>MainGame\Object\Background</Filter>
    </ClCompile>
    <ClCompile Include="Director.cpp">
      <Filter>MainGame\Object\Director</Filter>
    </ClCompile>
    <ClCompile Include="UI.cpp">
      <Filter>MainGame\Object\UI</Filter>
    </ClCompile>
    <ClCompile Include="Staff.cpp">
      <Filter>MainGame\Object\Staff</Filter>
    </ClCompile>
    <ClCompile Include="Champ.cpp">
      <Filter>MainGame\Object\Champ</Filter>
    </ClCompile>
    <ClCompile Include="Title.cpp">
      <Filter>MainGame\Scene\Title</Filter>
    </ClCompile>
    <ClCompile Include="Home.cpp">
      <Filter>MainGame\Scene\Home</Filter>
    </ClCompile>
    <ClCompile Include="SoundPlayer.cpp">
      <Filter>FrameWork\SoundPlayer</Filter>
    </ClCompile>
    <ClCompile Include="homeUI.cpp">
      <Filter>MainGame\Object\UI\homeUI</Filter>
    </ClCompile>
    <ClCompile Include="OperationToggle.cpp">
      <Filter>MainGame\Object\UI\homeUI</Filter>
    </ClCompile>
    <ClCompile Include="ChampInfo.cpp">
      <Filter>MainGame\Object\UI\homeUI\GameToggle\ChampInfo</Filter>
    </ClCompile>
    <ClCompile Include="GameToggle.cpp">
      <Filter>MainGame\Object\UI\homeUI\GameToggle</Filter>
    </ClCompile>
    <ClCompile Include="HomeToBattle.cpp">
      <Filter>MainGame\Object\UI\homeUI\HomeToBattle</Filter>
    </ClCompile>
    <ClCompile Include="SystemToggle.cpp">
      <Filter>MainGame\Object\UI\homeUI\SystemToggle</Filter>
    </ClCompile>
    <ClCompile Include="Storage.cpp">
      <Filter>FrameWork\Storage</Filter>
    </ClCompile>
    <ClCompile Include="OnPatch.cpp">
      <Filter>MainGame\Object\UI\OnPatch</Filter>
    </ClCompile>
    <ClCompile Include="TitleUI.cpp">
      <Filter>MainGame\Object\UI\TitleUI</Filter>
    </ClCompile>
    <ClCompile Include="Creators.cpp">
      <Filter>MainGame\Object\UI\TitleUI</Filter>
    </ClCompile>
    <ClCompile Include="PickBattleUI.cpp">
      <Filter>MainGame\Object\UI\PickBattelUI</Filter>
    </ClCompile>
    <ClCompile Include="PickBattle.cpp">
      <Filter>MainGame\Scene\PickBattle</Filter>
    </ClCompile>
    <ClCompile Include="TeamToggle.cpp">
      <Filter>MainGame\Object\UI\homeUI\TeamToggle</Filter>
    </ClCompile>
    <ClCompile Include="Training.cpp">
      <Filter>MainGame\Object\UI\homeUI\TeamToggle\Training</Filter>
    </ClCompile>
    <ClCompile Include="StaffSelect.cpp">
      <Filter>MainGame\Object\UI\PickBattelUI\Level1_StaffSelect</Filter>
    </ClCompile>
    <ClCompile Include="StarPixie.cpp">
      <Filter>MainGame\Object\Champ\Magician</Filter>
    </ClCompile>
    <ClCompile Include="Yeti.cpp">
      <Filter>MainGame\Object\Champ\Tanker</Filter>
    </ClCompile>
    <ClCompile Include="HelmetPepe.cpp">
      <Filter>MainGame\Object\Champ\Tanker</Filter>
    </ClCompile>
    <ClCompile Include="ZombieMonkey.cpp">
      <Filter>MainGame\Object\Champ\Hiller</Filter>
    </ClCompile>
    <ClCompile Include="BabyMonkey.cpp">
      <Filter>MainGame\Object\Champ\Hiller</Filter>
    </ClCompile>
    <ClCompile Include="Cornian.cpp">
      <Filter>MainGame\Object\Champ\Assassin</Filter>
    </ClCompile>
    <ClCompile Include="MistKnight.cpp">
      <Filter>MainGame\Object\Champ\Assassin</Filter>
    </ClCompile>
    <ClCompile Include="BubbleTea.cpp">
      <Filter>MainGame\Object\Champ\LongDiller</Filter>
    </ClCompile>
    <ClCompile Include="Tank.cpp">
      <Filter>MainGame\Object\Champ\LongDiller</Filter>
    </ClCompile>
    <ClCompile Include="BanPick.cpp">
      <Filter>MainGame\Object\UI\PickBattelUI\Level2_BanPick</Filter>
    </ClCompile>
    <ClCompile Include="Battle.cpp">
      <Filter>MainGame\Object\UI\PickBattelUI\Level3_Battle</Filter>
    </ClCompile>
    <ClCompile Include="Peedback.cpp">
      <Filter>MainGame\Object\UI\PickBattelUI\Level4_Peedback</Filter>
    </ClCompile>
    <ClCompile Include="ChampCheck.cpp">
      <Filter>MainGame\Object\UI\PickBattelUI\Level2_BanPick</Filter>
    </ClCompile>
    <ClCompile Include="StaffList.cpp">
      <Filter>MainGame\Object\UI\homeUI\TeamToggle\StaffList</Filter>
    </ClCompile>
    <ClCompile Include="LeagueToggle.cpp">
      <Filter>MainGame\Object\UI\homeUI\LeagueToggle</Filter>
    </ClCompile>
    <ClCompile Include="Ranking.cpp">
      <Filter>MainGame\Object\UI\homeUI\LeagueToggle\Ranking</Filter>
    </ClCompile>
  </ItemGroup>
  <ItemGroup>
    <ResourceCompile Include="01_WinMain.rc">
      <Filter>리소스 파일</Filter>
    </ResourceCompile>
  </ItemGroup>
  <ItemGroup>
    <Image Include="small.ico">
      <Filter>리소스 파일</Filter>
    </Image>
    <Image Include="01_WinMain.ico">
      <Filter>리소스 파일</Filter>
    </Image>
  </ItemGroup>
</Project>